<?xml version="1.0" encoding="utf-8"?>
<Project ToolsVersion="16.0" xmlns="http://schemas.microsoft.com/developer/msbuild/2003">
  <ItemGroup>
    <ClCompile Include="C:\Users\lymili\Downloads\cmake-3.24.0-rc2-tutorial-source\cmake-3.24.0-rc2-tutorial-source\Step1\tutorial.cxx">
      <Filter>Source Files</Filter>
    </ClCompile>
  </ItemGroup>
  <ItemGroup>
    <CustomBuild Include="C:\Users\lymili\Downloads\cmake-3.24.0-rc2-tutorial-source\cmake-3.24.0-rc2-tutorial-source\Step1\CMakeLists.txt" />
  </ItemGroup>
  <ItemGroup>
    <Filter Include="Source Files">
      <UniqueIdentifier>{B26B1162-1EA6-306C-BA42-E7BDAD3AB59F}</UniqueIdentifier>
    </Filter>
  </ItemGroup>
</Project>
